
Microsoft Visual Studio Solution File, Format Version 12.00
# Visual Studio 15
VisualStudioVersion = 15.0.28307.779
MinimumVisualStudioVersion = 10.0.40219.1
Project("{FAE04EC0-301F-11D3-BF4B-00C04F79EFBC}") = "Pipes-1", "Pipes-1\Pipes-1.csproj", "{2ACBB5B8-D9A4-43F1-838A-4D2C19C9651E}"
EndProject
Project("{FAE04EC0-301F-11D3-BF4B-00C04F79EFBC}") = "Writer", "Writer\Writer.csproj", "{392CF701-DB64-4D57-B2F4-4EC4F7AE2C0B}"
EndProject
Project("{FAE04EC0-301F-11D3-BF4B-00C04F79EFBC}") = "Reader", "Reader\Reader.csproj", "{6D8206A1-EB2C-4016-87EE-6BCB31E980DB}"
EndProject
Global
	GlobalSection(SolutionConfigurationPlatforms) = preSolution
		Debug|Any CPU = Debug|Any CPU
		Release|Any CPU = Release|Any CPU
	EndGlobalSection
	GlobalSection(ProjectConfigurationPlatforms) = postSolution
		{2ACBB5B8-D9A4-43F1-838A-4D2C19C9651E}.Debug|Any CPU.ActiveCfg = Debug|Any CPU
		{2ACBB5B8-D9A4-43F1-838A-4D2C19C9651E}.Debug|Any CPU.Build.0 = Debug|Any CPU
		{2ACBB5B8-D9A4-43F1-838A-4D2C19C9651E}.Release|Any CPU.ActiveCfg = Release|Any CPU
		{2ACBB5B8-D9A4-43F1-838A-4D2C19C9651E}.Release|Any CPU.Build.0 = Release|Any CPU
		{392CF701-DB64-4D57-B2F4-4EC4F7AE2C0B}.Debug|Any CPU.ActiveCfg = Debug|Any CPU
		{392CF701-DB64-4D57-B2F4-4EC4F7AE2C0B}.Debug|Any CPU.Build.0 = Debug|Any CPU
		{392CF701-DB64-4D57-B2F4-4EC4F7AE2C0B}.Release|Any CPU.ActiveCfg = Release|Any CPU
		{392CF701-DB64-4D57-B2F4-4EC4F7AE2C0B}.Release|Any CPU.Build.0 = Release|Any CPU
		{6D8206A1-EB2C-4016-87EE-6BCB31E980DB}.Debug|Any CPU.ActiveCfg = Debug|Any CPU
		{6D8206A1-EB2C-4016-87EE-6BCB31E980DB}.Debug|Any CPU.Build.0 = Debug|Any CPU
		{6D8206A1-EB2C-4016-87EE-6BCB31E980DB}.Release|Any CPU.ActiveCfg = Release|Any CPU
		{6D8206A1-EB2C-4016-87EE-6BCB31E980DB}.Release|Any CPU.Build.0 = Release|Any CPU
	EndGlobalSection
	GlobalSection(SolutionProperties) = preSolution
		HideSolutionNode = FALSE
	EndGlobalSection
	GlobalSection(ExtensibilityGlobals) = postSolution
		SolutionGuid = {0DE46E5C-CBD6-4EC6-9707-B9FA5B181352}
	EndGlobalSection
EndGlobal
